<?xml version="1.0" encoding="utf-8"?>
<Project ToolsVersion="4.0" xmlns="http://schemas.microsoft.com/developer/msbuild/2003">
  <ItemGroup>
    <Filter Include="Source Files">
      <UniqueIdentifier>{4FC737F1-C7A5-4376-A066-2A32D752A2FF}</UniqueIdentifier>
      <Extensions>cpp;c;cc;cxx;c++;cppm;ixx;def;odl;idl;hpj;bat;asm;asmx</Extensions>
    </Filter>
    <Filter Include="Header Files">
      <UniqueIdentifier>{93995380-89BD-4b04-88EB-625FBE52EBFB}</UniqueIdentifier>
      <Extensions>h;hh;hpp;hxx;h++;hm;inl;inc;ipp;xsd</Extensions>
    </Filter>
    <Filter Include="Resource Files">
      <UniqueIdentifier>{67DA6AB6-F800-4c08-8B7A-83BB121AAD01}</UniqueIdentifier>
      <Extensions>rc;ico;cur;bmp;dlg;rc2;rct;bin;rgs;gif;jpg;jpeg;jpe;resx;tiff;tif;png;wav;mfcribbon-ms</Extensions>
    </Filter>
  </ItemGroup>
  <ItemGroup>
    <ClCompile Include="..\..\..\..\..\..\cygwin64\home\Administrator\windrbd-static-tools-test\windrbd\windrbd\src\Attr.c">
      <Filter>Source Files</Filter>
    </ClCompile>
    <ClCompile Include="..\..\..\..\..\..\cygwin64\home\Administrator\windrbd-static-tools-test\windrbd\windrbd\src\disp.c">
      <Filter>Source Files</Filter>
    </ClCompile>
    <ClCompile Include="..\..\..\..\..\..\cygwin64\home\Administrator\windrbd-static-tools-test\windrbd\windrbd\src\drbd_windows.c">
      <Filter>Source Files</Filter>
    </ClCompile>
    <ClCompile Include="..\..\..\..\..\..\cygwin64\home\Administrator\windrbd-static-tools-test\windrbd\windrbd\src\hweight.c">
      <Filter>Source Files</Filter>
    </ClCompile>
    <ClCompile Include="..\..\..\..\..\..\cygwin64\home\Administrator\windrbd-static-tools-test\windrbd\windrbd\src\idr.c">
      <Filter>Source Files</Filter>
    </ClCompile>
    <ClCompile Include="..\..\..\..\..\..\cygwin64\home\Administrator\windrbd-static-tools-test\windrbd\windrbd\src\kmalloc_debug.c">
      <Filter>Source Files</Filter>
    </ClCompile>
    <ClCompile Include="..\..\..\..\..\..\cygwin64\home\Administrator\windrbd-static-tools-test\windrbd\windrbd\src\mempool.c">
      <Filter>Source Files</Filter>
    </ClCompile>
    <ClCompile Include="..\..\..\..\..\..\cygwin64\home\Administrator\windrbd-static-tools-test\windrbd\windrbd\src\printk-to-syslog.c">
      <Filter>Source Files</Filter>
    </ClCompile>
    <ClCompile Include="..\..\..\..\..\..\cygwin64\home\Administrator\windrbd-static-tools-test\windrbd\windrbd\src\rbtree.c">
      <Filter>Source Files</Filter>
    </ClCompile>
    <ClCompile Include="..\..\..\..\..\..\cygwin64\home\Administrator\windrbd-static-tools-test\windrbd\windrbd\src\seq_file.c">
      <Filter>Source Files</Filter>
    </ClCompile>
    <ClCompile Include="..\..\..\..\..\..\cygwin64\home\Administrator\windrbd-static-tools-test\windrbd\windrbd\src\slab.c">
      <Filter>Source Files</Filter>
    </ClCompile>
    <ClCompile Include="..\..\..\..\..\..\cygwin64\home\Administrator\windrbd-static-tools-test\windrbd\windrbd\src\tiktok.c">
      <Filter>Source Files</Filter>
    </ClCompile>
    <ClCompile Include="..\..\..\..\..\..\cygwin64\home\Administrator\windrbd-static-tools-test\windrbd\windrbd\src\util.c">
      <Filter>Source Files</Filter>
    </ClCompile>
    <ClCompile Include="..\..\..\..\..\..\cygwin64\home\Administrator\windrbd-static-tools-test\windrbd\windrbd\src\windrbd_bootdevice.c">
      <Filter>Source Files</Filter>
    </ClCompile>
    <ClCompile Include="..\..\..\..\..\..\cygwin64\home\Administrator\windrbd-static-tools-test\windrbd\windrbd\src\windrbd_device.c">
      <Filter>Source Files</Filter>
    </ClCompile>
    <ClCompile Include="..\..\..\..\..\..\cygwin64\home\Administrator\windrbd-static-tools-test\windrbd\windrbd\src\windrbd_drbd_url_parser.c">
      <Filter>Source Files</Filter>
    </ClCompile>
    <ClCompile Include="..\..\..\..\..\..\cygwin64\home\Administrator\windrbd-static-tools-test\windrbd\windrbd\src\windrbd_locking.c">
      <Filter>Source Files</Filter>
    </ClCompile>
    <ClCompile Include="..\..\..\..\..\..\cygwin64\home\Administrator\windrbd-static-tools-test\windrbd\windrbd\src\windrbd_module.c">
      <Filter>Source Files</Filter>
    </ClCompile>
    <ClCompile Include="..\..\..\..\..\..\cygwin64\home\Administrator\windrbd-static-tools-test\windrbd\windrbd\src\windrbd_netlink.c">
      <Filter>Source Files</Filter>
    </ClCompile>
    <ClCompile Include="..\..\..\..\..\..\cygwin64\home\Administrator\windrbd-static-tools-test\windrbd\windrbd\src\windrbd_test.c">
      <Filter>Source Files</Filter>
    </ClCompile>
    <ClCompile Include="..\..\..\..\..\..\cygwin64\home\Administrator\windrbd-static-tools-test\windrbd\windrbd\src\windrbd_threads.c">
      <Filter>Source Files</Filter>
    </ClCompile>
    <ClCompile Include="..\..\..\..\..\..\cygwin64\home\Administrator\windrbd-static-tools-test\windrbd\windrbd\src\windrbd_usermodehelper.c">
      <Filter>Source Files</Filter>
    </ClCompile>
    <ClCompile Include="..\..\..\..\..\..\cygwin64\home\Administrator\windrbd-static-tools-test\windrbd\windrbd\src\windrbd_waitqueue.c">
      <Filter>Source Files</Filter>
    </ClCompile>
    <ClCompile Include="..\..\..\..\..\..\cygwin64\home\Administrator\windrbd-static-tools-test\windrbd\windrbd\src\windrbd_winsocket.c">
      <Filter>Source Files</Filter>
    </ClCompile>
    <ClCompile Include="..\..\..\..\..\..\cygwin64\home\Administrator\windrbd-static-tools-test\windrbd\converted-sources\drbd\drbd_actlog.c">
      <Filter>Source Files</Filter>
    </ClCompile>
    <ClCompile Include="..\..\..\..\..\..\cygwin64\home\Administrator\windrbd-static-tools-test\windrbd\converted-sources\drbd\drbd_bitmap.c">
      <Filter>Source Files</Filter>
    </ClCompile>
    <ClCompile Include="..\..\..\..\..\..\cygwin64\home\Administrator\windrbd-static-tools-test\windrbd\converted-sources\drbd\drbd_buildtag.c">
      <Filter>Source Files</Filter>
    </ClCompile>
    <ClCompile Include="..\..\..\..\..\..\cygwin64\home\Administrator\windrbd-static-tools-test\windrbd\converted-sources\drbd\drbd_debugfs.c">
      <Filter>Source Files</Filter>
    </ClCompile>
    <ClCompile Include="..\..\..\..\..\..\cygwin64\home\Administrator\windrbd-static-tools-test\windrbd\converted-sources\drbd\drbd_interval.c">
      <Filter>Source Files</Filter>
    </ClCompile>
    <ClCompile Include="..\..\..\..\..\..\cygwin64\home\Administrator\windrbd-static-tools-test\windrbd\converted-sources\drbd\drbd_kref_debug.c">
      <Filter>Source Files</Filter>
    </ClCompile>
    <ClCompile Include="..\..\..\..\..\..\cygwin64\home\Administrator\windrbd-static-tools-test\windrbd\converted-sources\drbd\drbd_main.c">
      <Filter>Source Files</Filter>
    </ClCompile>
    <ClCompile Include="..\..\..\..\..\..\cygwin64\home\Administrator\windrbd-static-tools-test\windrbd\converted-sources\drbd\drbd_nl.c">
      <Filter>Source Files</Filter>
    </ClCompile>
    <ClCompile Include="..\..\..\..\..\..\cygwin64\home\Administrator\windrbd-static-tools-test\windrbd\converted-sources\drbd\drbd_nla.c">
      <Filter>Source Files</Filter>
    </ClCompile>
    <ClCompile Include="..\..\..\..\..\..\cygwin64\home\Administrator\windrbd-static-tools-test\windrbd\converted-sources\drbd\drbd_proc.c">
      <Filter>Source Files</Filter>
    </ClCompile>
    <ClCompile Include="..\..\..\..\..\..\cygwin64\home\Administrator\windrbd-static-tools-test\windrbd\converted-sources\drbd\drbd_receiver.c">
      <Filter>Source Files</Filter>
    </ClCompile>
    <ClCompile Include="..\..\..\..\..\..\cygwin64\home\Administrator\windrbd-static-tools-test\windrbd\converted-sources\drbd\drbd_req.c">
      <Filter>Source Files</Filter>
    </ClCompile>
    <ClCompile Include="..\..\..\..\..\..\cygwin64\home\Administrator\windrbd-static-tools-test\windrbd\converted-sources\drbd\drbd_sender.c">
      <Filter>Source Files</Filter>
    </ClCompile>
    <ClCompile Include="..\..\..\..\..\..\cygwin64\home\Administrator\windrbd-static-tools-test\windrbd\converted-sources\drbd\drbd_state.c">
      <Filter>Source Files</Filter>
    </ClCompile>
    <ClCompile Include="..\..\..\..\..\..\cygwin64\home\Administrator\windrbd-static-tools-test\windrbd\converted-sources\drbd\drbd_strings.c">
      <Filter>Source Files</Filter>
    </ClCompile>
    <ClCompile Include="..\..\..\..\..\..\cygwin64\home\Administrator\windrbd-static-tools-test\windrbd\converted-sources\drbd\drbd_transport.c">
      <Filter>Source Files</Filter>
    </ClCompile>
    <ClCompile Include="..\..\..\..\..\..\cygwin64\home\Administrator\windrbd-static-tools-test\windrbd\converted-sources\drbd\drbd_transport_tcp.c">
      <Filter>Source Files</Filter>
    </ClCompile>
    <ClCompile Include="..\..\..\..\..\..\cygwin64\home\Administrator\windrbd-static-tools-test\windrbd\converted-sources\drbd\kref_debug.c">
      <Filter>Source Files</Filter>
    </ClCompile>
    <ClCompile Include="..\..\..\..\..\..\cygwin64\home\Administrator\windrbd-static-tools-test\windrbd\converted-sources\drbd\lru_cache.c">
      <Filter>Source Files</Filter>
    </ClCompile>
  </ItemGroup>
</Project>