<?xml version="1.0" encoding="utf-8"?>
<Project ToolsVersion="4.0" xmlns="http://schemas.microsoft.com/developer/msbuild/2003">
  <ItemGroup>
    <Filter Include="Source Files">
      <UniqueIdentifier>{4FC737F1-C7A5-4376-A066-2A32D752A2FF}</UniqueIdentifier>
      <Extensions>cpp;c;cc;cxx;def;odl;idl;hpj;bat;asm;asmx</Extensions>
    </Filter>
    <Filter Include="Header Files">
      <UniqueIdentifier>{93995380-89BD-4b04-88EB-625FBE52EBFB}</UniqueIdentifier>
      <Extensions>h;hpp;hxx;hm;inl;inc;xsd</Extensions>
    </Filter>
    <Filter Include="Resource Files">
      <UniqueIdentifier>{67DA6AB6-F800-4c08-8B7A-83BB121AAD01}</UniqueIdentifier>
      <Extensions>rc;ico;cur;bmp;dlg;rc2;rct;bin;rgs;gif;jpg;jpeg;jpe;resx;tiff;tif;png;wav;mfcribbon-ms</Extensions>
    </Filter>
    <Filter Include="Driver Files">
      <UniqueIdentifier>{8E41214B-6785-4CFE-B992-037D68949A14}</UniqueIdentifier>
      <Extensions>inf;inv;inx;mof;mc;</Extensions>
    </Filter>
    <Filter Include="Source Files\drbd">
      <UniqueIdentifier>{d27a75d4-d629-4ec7-90df-c531c6ef64a0}</UniqueIdentifier>
    </Filter>
    <Filter Include="Header Files\drbd">
      <UniqueIdentifier>{fedb00aa-357f-477d-afbc-937e6f2defb8}</UniqueIdentifier>
    </Filter>
    <Filter Include="Header Files\linux-compat">
      <UniqueIdentifier>{3b44d30e-dca5-4d94-861e-9531ea01d734}</UniqueIdentifier>
    </Filter>
    <Filter Include="Source Files\linux-compat">
      <UniqueIdentifier>{debe8a57-48bc-4e63-8e07-5c7da3ec1f2a}</UniqueIdentifier>
    </Filter>
    <Filter Include="Header Files\drbd\linux">
      <UniqueIdentifier>{74500581-b928-4cda-9506-9f823cdf48d1}</UniqueIdentifier>
    </Filter>
  </ItemGroup>
  <ItemGroup>
    <ClCompile Include="data.c">
      <Filter>Source Files</Filter>
    </ClCompile>
    <ClCompile Include="disp.c">
      <Filter>Source Files</Filter>
    </ClCompile>
    <ClCompile Include="ops.c">
      <Filter>Source Files</Filter>
    </ClCompile>
    <ClCompile Include="send_buf.c">
      <Filter>Source Files</Filter>
    </ClCompile>
    <ClCompile Include="sub.c">
      <Filter>Source Files</Filter>
    </ClCompile>
    <ClCompile Include="thread.c">
      <Filter>Source Files</Filter>
    </ClCompile>
    <ClCompile Include="util.c">
      <Filter>Source Files</Filter>
    </ClCompile>
    <ClCompile Include="wsk2.c">
      <Filter>Source Files</Filter>
    </ClCompile>
    <ClCompile Include="drbd_windows.c">
      <Filter>Source Files</Filter>
    </ClCompile>
    <ClCompile Include="..\drbd\drbd_actlog.c">
      <Filter>Source Files\drbd</Filter>
    </ClCompile>
    <ClCompile Include="..\drbd\drbd_bitmap.c">
      <Filter>Source Files\drbd</Filter>
    </ClCompile>
    <ClCompile Include="..\drbd\drbd_debugfs.c">
      <Filter>Source Files\drbd</Filter>
    </ClCompile>
    <ClCompile Include="..\drbd\drbd_interval.c">
      <Filter>Source Files\drbd</Filter>
    </ClCompile>
    <ClCompile Include="..\drbd\drbd_kref_debug.c">
      <Filter>Source Files\drbd</Filter>
    </ClCompile>
    <ClCompile Include="..\drbd\drbd_main.c">
      <Filter>Source Files\drbd</Filter>
    </ClCompile>
    <ClCompile Include="..\drbd\drbd_nl.c">
      <Filter>Source Files\drbd</Filter>
    </ClCompile>
    <ClCompile Include="..\drbd\drbd_nla.c">
      <Filter>Source Files\drbd</Filter>
    </ClCompile>
    <ClCompile Include="..\drbd\drbd_proc.c">
      <Filter>Source Files\drbd</Filter>
    </ClCompile>
    <ClCompile Include="..\drbd\drbd_receiver.c">
      <Filter>Source Files\drbd</Filter>
    </ClCompile>
    <ClCompile Include="..\drbd\drbd_req.c">
      <Filter>Source Files\drbd</Filter>
    </ClCompile>
    <ClCompile Include="..\drbd\drbd_sender.c">
      <Filter>Source Files\drbd</Filter>
    </ClCompile>
    <ClCompile Include="..\drbd\drbd_state.c">
      <Filter>Source Files\drbd</Filter>
    </ClCompile>
    <ClCompile Include="..\drbd\drbd_transport.c">
      <Filter>Source Files\drbd</Filter>
    </ClCompile>
    <ClCompile Include="..\drbd\drbd_transport_tcp.c">
      <Filter>Source Files\drbd</Filter>
    </ClCompile>
    <ClCompile Include="..\drbd\kref_debug.c">
      <Filter>Source Files\drbd</Filter>
    </ClCompile>
    <ClCompile Include="..\drbd\lru_cache.c">
      <Filter>Source Files\drbd</Filter>
    </ClCompile>
    <ClCompile Include="linux-compat\seq_file.c">
      <Filter>Source Files\linux-compat</Filter>
    </ClCompile>
    <ClCompile Include="linux-compat\rbtree.c">
      <Filter>Source Files\linux-compat</Filter>
    </ClCompile>
    <ClCompile Include="linux-compat\idr.c">
      <Filter>Source Files\linux-compat</Filter>
    </ClCompile>
    <ClCompile Include="linux-compat\netlink.c">
      <Filter>Source Files\linux-compat</Filter>
    </ClCompile>
    <ClCompile Include="linux-compat\Attr.c">
      <Filter>Source Files\linux-compat</Filter>
    </ClCompile>
    <ClCompile Include="linux-compat\hweight.c">
      <Filter>Source Files\linux-compat</Filter>
    </ClCompile>
    <ClCompile Include="..\drbd\drbd_buildtag.c">
      <Filter>Source Files\drbd</Filter>
    </ClCompile>
    <ClCompile Include="..\drbd-headers\drbd_strings.c">
      <Filter>Source Files</Filter>
    </ClCompile>
    <ClCompile Include="loglink.c">
      <Filter>Source Files</Filter>
    </ClCompile>
  </ItemGroup>
  <ItemGroup>
    <ClInclude Include="drbd_windows.h">
      <Filter>Header Files</Filter>
    </ClInclude>
    <ClInclude Include="drbd_wingenl.h">
      <Filter>Header Files</Filter>
    </ClInclude>
    <ClInclude Include="..\drbd\drbd_debugfs.h">
      <Filter>Header Files\drbd</Filter>
    </ClInclude>
    <ClInclude Include="..\drbd\drbd_interval.h">
      <Filter>Header Files\drbd</Filter>
    </ClInclude>
    <ClInclude Include="..\drbd\drbd_kref_debug.h">
      <Filter>Header Files\drbd</Filter>
    </ClInclude>
    <ClInclude Include="..\drbd\drbd_nla.h">
      <Filter>Header Files\drbd</Filter>
    </ClInclude>
    <ClInclude Include="..\drbd\drbd_int.h">
      <Filter>Header Files\drbd</Filter>
    </ClInclude>
    <ClInclude Include="..\drbd\drbd_req.h">
      <Filter>Header Files\drbd</Filter>
    </ClInclude>
    <ClInclude Include="..\drbd\drbd_state.h">
      <Filter>Header Files\drbd</Filter>
    </ClInclude>
    <ClInclude Include="..\drbd\drbd_state_change.h">
      <Filter>Header Files\drbd</Filter>
    </ClInclude>
    <ClInclude Include="..\drbd\drbd_vli.h">
      <Filter>Header Files\drbd</Filter>
    </ClInclude>
    <ClInclude Include="..\drbd\kref_debug.h">
      <Filter>Header Files\drbd</Filter>
    </ClInclude>
    <ClInclude Include="linux-compat\seq_file.h">
      <Filter>Header Files\linux-compat</Filter>
    </ClInclude>
    <ClInclude Include="linux-compat\idr.h">
      <Filter>Header Files\linux-compat</Filter>
    </ClInclude>
    <ClInclude Include="linux-compat\jiffies.h">
      <Filter>Header Files\linux-compat</Filter>
    </ClInclude>
    <ClInclude Include="linux-compat\rbtree.h">
      <Filter>Header Files\linux-compat</Filter>
    </ClInclude>
    <ClInclude Include="linux-compat\sched.h">
      <Filter>Header Files\linux-compat</Filter>
    </ClInclude>
    <ClInclude Include="linux-compat\list.h">
      <Filter>Header Files\linux-compat</Filter>
    </ClInclude>
    <ClInclude Include="proto.h">
      <Filter>Header Files</Filter>
    </ClInclude>
    <ClInclude Include="comm.h">
      <Filter>Header Files</Filter>
    </ClInclude>
    <ClInclude Include="disp.h">
      <Filter>Header Files</Filter>
    </ClInclude>
    <ClInclude Include="mvolmsg.h">
      <Filter>Header Files</Filter>
    </ClInclude>
    <ClInclude Include="mvolse.h">
      <Filter>Header Files</Filter>
    </ClInclude>
    <ClInclude Include="send_buf.h">
      <Filter>Header Files</Filter>
    </ClInclude>
    <ClInclude Include="wsk2.h">
      <Filter>Header Files</Filter>
    </ClInclude>
    <ClInclude Include="linux-compat\Kernel.h">
      <Filter>Header Files\linux-compat</Filter>
    </ClInclude>
    <ClInclude Include="..\drbd\linux\drbd_config.h">
      <Filter>Header Files\drbd\linux</Filter>
    </ClInclude>
    <ClInclude Include="..\drbd\linux\genl_magic_func-genl_register_family_with_ops_groups.h">
      <Filter>Header Files\drbd\linux</Filter>
    </ClInclude>
    <ClInclude Include="..\drbd\linux\genl_magic_func-genl_register_mc_group.h">
      <Filter>Header Files\drbd\linux</Filter>
    </ClInclude>
    <ClInclude Include="..\drbd\linux\lru_cache.h">
      <Filter>Header Files\drbd\linux</Filter>
    </ClInclude>
    <ClInclude Include="linux-compat\hweight.h">
      <Filter>Header Files\linux-compat</Filter>
    </ClInclude>
    <ClInclude Include="linux-compat\Backing-dev.h">
      <Filter>Header Files\linux-compat</Filter>
    </ClInclude>
    <ClInclude Include="linux-compat\Wait.h">
      <Filter>Header Files\linux-compat</Filter>
    </ClInclude>
    <ClInclude Include="linux-compat\spinlock.h">
      <Filter>Header Files\linux-compat</Filter>
    </ClInclude>
    <ClInclude Include="linux-compat\drbd_endian.h">
      <Filter>Header Files\linux-compat</Filter>
    </ClInclude>
    <ClInclude Include="linux-compat\Bitops.h">
      <Filter>Header Files\linux-compat</Filter>
    </ClInclude>
    <ClInclude Include="loglink.h">
      <Filter>Header Files</Filter>
    </ClInclude>
  </ItemGroup>
  <ItemGroup>
    <Inf Include="drbd.inf">
      <Filter>Driver Files</Filter>
    </Inf>
  </ItemGroup>
  <ItemGroup>
    <None Include="MSG00001.bin">
      <Filter>Resource Files</Filter>
    </None>
  </ItemGroup>
  <ItemGroup>
    <ResourceCompile Include="mvolmsg.rc">
      <Filter>Resource Files</Filter>
    </ResourceCompile>
  </ItemGroup>
  <ItemGroup>
    <MessageCompile Include="mvolmsg.mc">
      <Filter>Resource Files</Filter>
    </MessageCompile>
  </ItemGroup>
</Project>